
Microsoft Visual Studio Solution File, Format Version 12.00
# Visual Studio 15
VisualStudioVersion = 15.0.28307.1209
MinimumVisualStudioVersion = 10.0.40219.1
Project("{FAE04EC0-301F-11D3-BF4B-00C04F79EFBC}") = "Sales.Android", "Sales\Sales.Android\Sales.Android.csproj", "{587BFB49-B28C-4FCC-B01A-D8B9071FAE6C}"
EndProject
Project("{FAE04EC0-301F-11D3-BF4B-00C04F79EFBC}") = "Sales.iOS", "Sales\Sales.iOS\Sales.iOS.csproj", "{53ED82FD-4769-44EC-B4A3-EA7C2440F82E}"
EndProject
Project("{FAE04EC0-301F-11D3-BF4B-00C04F79EFBC}") = "Sales.UWP", "Sales\Sales.UWP\Sales.UWP.csproj", "{9897E62A-9C91-43A9-A620-05815C5B0E83}"
EndProject
Project("{9A19103F-16F7-4668-BE54-9A1E7A4F7556}") = "Sales", "Sales\Sales\Sales.csproj", "{DFA676E7-8219-48C1-99FC-AE9F392BDE21}"
EndProject
Project("{FAE04EC0-301F-11D3-BF4B-00C04F79EFBC}") = "Sales.Backend", "Sales.Backend\Sales.Backend.csproj", "{FAB1FB15-DB7D-4C51-863B-43121E337039}"
EndProject
Project("{FAE04EC0-301F-11D3-BF4B-00C04F79EFBC}") = "Sales.API", "Sales.API\Sales.API.csproj", "{D59EA21C-507B-4528-BDBB-4FB1476CD5BC}"
EndProject
Project("{FAE04EC0-301F-11D3-BF4B-00C04F79EFBC}") = "Sales.Domain", "Sales.Domain\Sales.Domain.csproj", "{FAA88E04-11C2-4D42-B926-1869DEA5B654}"
EndProject
Project("{FAE04EC0-301F-11D3-BF4B-00C04F79EFBC}") = "Sales.Common", "Sales.Common\Sales.Common.csproj", "{BED48403-1B4F-484F-B0F4-E4226BEF4C0E}"
EndProject
Global
	GlobalSection(SolutionConfigurationPlatforms) = preSolution
		Ad-Hoc|Any CPU = Ad-Hoc|Any CPU
		Ad-Hoc|ARM = Ad-Hoc|ARM
		Ad-Hoc|iPhone = Ad-Hoc|iPhone
		Ad-Hoc|iPhoneSimulator = Ad-Hoc|iPhoneSimulator
		Ad-Hoc|x64 = Ad-Hoc|x64
		Ad-Hoc|x86 = Ad-Hoc|x86
		AppStore|Any CPU = AppStore|Any CPU
		AppStore|ARM = AppStore|ARM
		AppStore|iPhone = AppStore|iPhone
		AppStore|iPhoneSimulator = AppStore|iPhoneSimulator
		AppStore|x64 = AppStore|x64
		AppStore|x86 = AppStore|x86
		Debug|Any CPU = Debug|Any CPU
		Debug|ARM = Debug|ARM
		Debug|iPhone = Debug|iPhone
		Debug|iPhoneSimulator = Debug|iPhoneSimulator
		Debug|x64 = Debug|x64
		Debug|x86 = Debug|x86
		Release|Any CPU = Release|Any CPU
		Release|ARM = Release|ARM
		Release|iPhone = Release|iPhone
		Release|iPhoneSimulator = Release|iPhoneSimulator
		Release|x64 = Release|x64
		Release|x86 = Release|x86
	EndGlobalSection
	GlobalSection(ProjectConfigurationPlatforms) = postSolution
		{587BFB49-B28C-4FCC-B01A-D8B9071FAE6C}.Ad-Hoc|Any CPU.ActiveCfg = Release|Any CPU
		{587BFB49-B28C-4FCC-B01A-D8B9071FAE6C}.Ad-Hoc|Any CPU.Build.0 = Release|Any CPU
		{587BFB49-B28C-4FCC-B01A-D8B9071FAE6C}.Ad-Hoc|Any CPU.Deploy.0 = Release|Any CPU
		{587BFB49-B28C-4FCC-B01A-D8B9071FAE6C}.Ad-Hoc|ARM.ActiveCfg = Release|Any CPU
		{587BFB49-B28C-4FCC-B01A-D8B9071FAE6C}.Ad-Hoc|ARM.Build.0 = Release|Any CPU
		{587BFB49-B28C-4FCC-B01A-D8B9071FAE6C}.Ad-Hoc|ARM.Deploy.0 = Release|Any CPU
		{587BFB49-B28C-4FCC-B01A-D8B9071FAE6C}.Ad-Hoc|iPhone.ActiveCfg = Release|Any CPU
		{587BFB49-B28C-4FCC-B01A-D8B9071FAE6C}.Ad-Hoc|iPhone.Build.0 = Release|Any CPU
		{587BFB49-B28C-4FCC-B01A-D8B9071FAE6C}.Ad-Hoc|iPhone.Deploy.0 = Release|Any CPU
		{587BFB49-B28C-4FCC-B01A-D8B9071FAE6C}.Ad-Hoc|iPhoneSimulator.ActiveCfg = Release|Any CPU
		{587BFB49-B28C-4FCC-B01A-D8B9071FAE6C}.Ad-Hoc|iPhoneSimulator.Build.0 = Release|Any CPU
		{587BFB49-B28C-4FCC-B01A-D8B9071FAE6C}.Ad-Hoc|iPhoneSimulator.Deploy.0 = Release|Any CPU
		{587BFB49-B28C-4FCC-B01A-D8B9071FAE6C}.Ad-Hoc|x64.ActiveCfg = Release|Any CPU
		{587BFB49-B28C-4FCC-B01A-D8B9071FAE6C}.Ad-Hoc|x64.Build.0 = Release|Any CPU
		{587BFB49-B28C-4FCC-B01A-D8B9071FAE6C}.Ad-Hoc|x64.Deploy.0 = Release|Any CPU
		{587BFB49-B28C-4FCC-B01A-D8B9071FAE6C}.Ad-Hoc|x86.ActiveCfg = Release|Any CPU
		{587BFB49-B28C-4FCC-B01A-D8B9071FAE6C}.Ad-Hoc|x86.Build.0 = Release|Any CPU
		{587BFB49-B28C-4FCC-B01A-D8B9071FAE6C}.Ad-Hoc|x86.Deploy.0 = Release|Any CPU
		{587BFB49-B28C-4FCC-B01A-D8B9071FAE6C}.AppStore|Any CPU.ActiveCfg = Release|Any CPU
		{587BFB49-B28C-4FCC-B01A-D8B9071FAE6C}.AppStore|Any CPU.Build.0 = Release|Any CPU
		{587BFB49-B28C-4FCC-B01A-D8B9071FAE6C}.AppStore|Any CPU.Deploy.0 = Release|Any CPU
		{587BFB49-B28C-4FCC-B01A-D8B9071FAE6C}.AppStore|ARM.ActiveCfg = Release|Any CPU
		{587BFB49-B28C-4FCC-B01A-D8B9071FAE6C}.AppStore|ARM.Build.0 = Release|Any CPU
		{587BFB49-B28C-4FCC-B01A-D8B9071FAE6C}.AppStore|ARM.Deploy.0 = Release|Any CPU
		{587BFB49-B28C-4FCC-B01A-D8B9071FAE6C}.AppStore|iPhone.ActiveCfg = Release|Any CPU
		{587BFB49-B28C-4FCC-B01A-D8B9071FAE6C}.AppStore|iPhone.Build.0 = Release|Any CPU
		{587BFB49-B28C-4FCC-B01A-D8B9071FAE6C}.AppStore|iPhone.Deploy.0 = Release|Any CPU
		{587BFB49-B28C-4FCC-B01A-D8B9071FAE6C}.AppStore|iPhoneSimulator.ActiveCfg = Release|Any CPU
		{587BFB49-B28C-4FCC-B01A-D8B9071FAE6C}.AppStore|iPhoneSimulator.Build.0 = Release|Any CPU
		{587BFB49-B28C-4FCC-B01A-D8B9071FAE6C}.AppStore|iPhoneSimulator.Deploy.0 = Release|Any CPU
		{587BFB49-B28C-4FCC-B01A-D8B9071FAE6C}.AppStore|x64.ActiveCfg = Release|Any CPU
		{587BFB49-B28C-4FCC-B01A-D8B9071FAE6C}.AppStore|x64.Build.0 = Release|Any CPU
		{587BFB49-B28C-4FCC-B01A-D8B9071FAE6C}.AppStore|x64.Deploy.0 = Release|Any CPU
		{587BFB49-B28C-4FCC-B01A-D8B9071FAE6C}.AppStore|x86.ActiveCfg = Release|Any CPU
		{587BFB49-B28C-4FCC-B01A-D8B9071FAE6C}.AppStore|x86.Build.0 = Release|Any CPU
		{587BFB49-B28C-4FCC-B01A-D8B9071FAE6C}.AppStore|x86.Deploy.0 = Release|Any CPU
		{587BFB49-B28C-4FCC-B01A-D8B9071FAE6C}.Debug|Any CPU.ActiveCfg = Debug|Any CPU
		{587BFB49-B28C-4FCC-B01A-D8B9071FAE6C}.Debug|Any CPU.Build.0 = Debug|Any CPU
		{587BFB49-B28C-4FCC-B01A-D8B9071FAE6C}.Debug|Any CPU.Deploy.0 = Debug|Any CPU
		{587BFB49-B28C-4FCC-B01A-D8B9071FAE6C}.Debug|ARM.ActiveCfg = Debug|Any CPU
		{587BFB49-B28C-4FCC-B01A-D8B9071FAE6C}.Debug|ARM.Build.0 = Debug|Any CPU
		{587BFB49-B28C-4FCC-B01A-D8B9071FAE6C}.Debug|ARM.Deploy.0 = Debug|Any CPU
		{587BFB49-B28C-4FCC-B01A-D8B9071FAE6C}.Debug|iPhone.ActiveCfg = Debug|Any CPU
		{587BFB49-B28C-4FCC-B01A-D8B9071FAE6C}.Debug|iPhone.Build.0 = Debug|Any CPU
		{587BFB49-B28C-4FCC-B01A-D8B9071FAE6C}.Debug|iPhone.Deploy.0 = Debug|Any CPU
		{587BFB49-B28C-4FCC-B01A-D8B9071FAE6C}.Debug|iPhoneSimulator.ActiveCfg = Debug|Any CPU
		{587BFB49-B28C-4FCC-B01A-D8B9071FAE6C}.Debug|iPhoneSimulator.Build.0 = Debug|Any CPU
		{587BFB49-B28C-4FCC-B01A-D8B9071FAE6C}.Debug|iPhoneSimulator.Deploy.0 = Debug|Any CPU
		{587BFB49-B28C-4FCC-B01A-D8B9071FAE6C}.Debug|x64.ActiveCfg = Debug|Any CPU
		{587BFB49-B28C-4FCC-B01A-D8B9071FAE6C}.Debug|x64.Build.0 = Debug|Any CPU
		{587BFB49-B28C-4FCC-B01A-D8B9071FAE6C}.Debug|x64.Deploy.0 = Debug|Any CPU
		{587BFB49-B28C-4FCC-B01A-D8B9071FAE6C}.Debug|x86.ActiveCfg = Debug|Any CPU
		{587BFB49-B28C-4FCC-B01A-D8B9071FAE6C}.Debug|x86.Build.0 = Debug|Any CPU
		{587BFB49-B28C-4FCC-B01A-D8B9071FAE6C}.Debug|x86.Deploy.0 = Debug|Any CPU
		{587BFB49-B28C-4FCC-B01A-D8B9071FAE6C}.Release|Any CPU.ActiveCfg = Release|Any CPU
		{587BFB49-B28C-4FCC-B01A-D8B9071FAE6C}.Release|Any CPU.Build.0 = Release|Any CPU
		{587BFB49-B28C-4FCC-B01A-D8B9071FAE6C}.Release|Any CPU.Deploy.0 = Release|Any CPU
		{587BFB49-B28C-4FCC-B01A-D8B9071FAE6C}.Release|ARM.ActiveCfg = Release|Any CPU
		{587BFB49-B28C-4FCC-B01A-D8B9071FAE6C}.Release|ARM.Build.0 = Release|Any CPU
		{587BFB49-B28C-4FCC-B01A-D8B9071FAE6C}.Release|ARM.Deploy.0 = Release|Any CPU
		{587BFB49-B28C-4FCC-B01A-D8B9071FAE6C}.Release|iPhone.ActiveCfg = Release|Any CPU
		{587BFB49-B28C-4FCC-B01A-D8B9071FAE6C}.Release|iPhone.Build.0 = Release|Any CPU
		{587BFB49-B28C-4FCC-B01A-D8B9071FAE6C}.Release|iPhone.Deploy.0 = Release|Any CPU
		{587BFB49-B28C-4FCC-B01A-D8B9071FAE6C}.Release|iPhoneSimulator.ActiveCfg = Release|Any CPU
		{587BFB49-B28C-4FCC-B01A-D8B9071FAE6C}.Release|iPhoneSimulator.Build.0 = Release|Any CPU
		{587BFB49-B28C-4FCC-B01A-D8B9071FAE6C}.Release|iPhoneSimulator.Deploy.0 = Release|Any CPU
		{587BFB49-B28C-4FCC-B01A-D8B9071FAE6C}.Release|x64.ActiveCfg = Release|Any CPU
		{587BFB49-B28C-4FCC-B01A-D8B9071FAE6C}.Release|x64.Build.0 = Release|Any CPU
		{587BFB49-B28C-4FCC-B01A-D8B9071FAE6C}.Release|x64.Deploy.0 = Release|Any CPU
		{587BFB49-B28C-4FCC-B01A-D8B9071FAE6C}.Release|x86.ActiveCfg = Release|Any CPU
		{587BFB49-B28C-4FCC-B01A-D8B9071FAE6C}.Release|x86.Build.0 = Release|Any CPU
		{587BFB49-B28C-4FCC-B01A-D8B9071FAE6C}.Release|x86.Deploy.0 = Release|Any CPU
		{53ED82FD-4769-44EC-B4A3-EA7C2440F82E}.Ad-Hoc|Any CPU.ActiveCfg = Ad-Hoc|iPhone
		{53ED82FD-4769-44EC-B4A3-EA7C2440F82E}.Ad-Hoc|Any CPU.Build.0 = Ad-Hoc|iPhone
		{53ED82FD-4769-44EC-B4A3-EA7C2440F82E}.Ad-Hoc|Any CPU.Deploy.0 = Ad-Hoc|iPhone
		{53ED82FD-4769-44EC-B4A3-EA7C2440F82E}.Ad-Hoc|ARM.ActiveCfg = Ad-Hoc|iPhone
		{53ED82FD-4769-44EC-B4A3-EA7C2440F82E}.Ad-Hoc|ARM.Build.0 = Ad-Hoc|iPhone
		{53ED82FD-4769-44EC-B4A3-EA7C2440F82E}.Ad-Hoc|ARM.Deploy.0 = Ad-Hoc|iPhone
		{53ED82FD-4769-44EC-B4A3-EA7C2440F82E}.Ad-Hoc|iPhone.ActiveCfg = Ad-Hoc|iPhone
		{53ED82FD-4769-44EC-B4A3-EA7C2440F82E}.Ad-Hoc|iPhone.Build.0 = Ad-Hoc|iPhone
		{53ED82FD-4769-44EC-B4A3-EA7C2440F82E}.Ad-Hoc|iPhone.Deploy.0 = Ad-Hoc|iPhone
		{53ED82FD-4769-44EC-B4A3-EA7C2440F82E}.Ad-Hoc|iPhoneSimulator.ActiveCfg = Ad-Hoc|iPhoneSimulator
		{53ED82FD-4769-44EC-B4A3-EA7C2440F82E}.Ad-Hoc|iPhoneSimulator.Build.0 = Ad-Hoc|iPhoneSimulator
		{53ED82FD-4769-44EC-B4A3-EA7C2440F82E}.Ad-Hoc|iPhoneSimulator.Deploy.0 = Ad-Hoc|iPhoneSimulator
		{53ED82FD-4769-44EC-B4A3-EA7C2440F82E}.Ad-Hoc|x64.ActiveCfg = Ad-Hoc|iPhone
		{53ED82FD-4769-44EC-B4A3-EA7C2440F82E}.Ad-Hoc|x64.Build.0 = Ad-Hoc|iPhone
		{53ED82FD-4769-44EC-B4A3-EA7C2440F82E}.Ad-Hoc|x64.Deploy.0 = Ad-Hoc|iPhone
		{53ED82FD-4769-44EC-B4A3-EA7C2440F82E}.Ad-Hoc|x86.ActiveCfg = Ad-Hoc|iPhone
		{53ED82FD-4769-44EC-B4A3-EA7C2440F82E}.Ad-Hoc|x86.Build.0 = Ad-Hoc|iPhone
		{53ED82FD-4769-44EC-B4A3-EA7C2440F82E}.Ad-Hoc|x86.Deploy.0 = Ad-Hoc|iPhone
		{53ED82FD-4769-44EC-B4A3-EA7C2440F82E}.AppStore|Any CPU.ActiveCfg = AppStore|iPhone
		{53ED82FD-4769-44EC-B4A3-EA7C2440F82E}.AppStore|Any CPU.Build.0 = AppStore|iPhone
		{53ED82FD-4769-44EC-B4A3-EA7C2440F82E}.AppStore|Any CPU.Deploy.0 = AppStore|iPhone
		{53ED82FD-4769-44EC-B4A3-EA7C2440F82E}.AppStore|ARM.ActiveCfg = AppStore|iPhone
		{53ED82FD-4769-44EC-B4A3-EA7C2440F82E}.AppStore|ARM.Build.0 = AppStore|iPhone
		{53ED82FD-4769-44EC-B4A3-EA7C2440F82E}.AppStore|ARM.Deploy.0 = AppStore|iPhone
		{53ED82FD-4769-44EC-B4A3-EA7C2440F82E}.AppStore|iPhone.ActiveCfg = AppStore|iPhone
		{53ED82FD-4769-44EC-B4A3-EA7C2440F82E}.AppStore|iPhone.Build.0 = AppStore|iPhone
		{53ED82FD-4769-44EC-B4A3-EA7C2440F82E}.AppStore|iPhone.Deploy.0 = AppStore|iPhone
		{53ED82FD-4769-44EC-B4A3-EA7C2440F82E}.AppStore|iPhoneSimulator.ActiveCfg = AppStore|iPhoneSimulator
		{53ED82FD-4769-44EC-B4A3-EA7C2440F82E}.AppStore|iPhoneSimulator.Build.0 = AppStore|iPhoneSimulator
		{53ED82FD-4769-44EC-B4A3-EA7C2440F82E}.AppStore|iPhoneSimulator.Deploy.0 = AppStore|iPhoneSimulator
		{53ED82FD-4769-44EC-B4A3-EA7C2440F82E}.AppStore|x64.ActiveCfg = AppStore|iPhone
		{53ED82FD-4769-44EC-B4A3-EA7C2440F82E}.AppStore|x64.Build.0 = AppStore|iPhone
		{53ED82FD-4769-44EC-B4A3-EA7C2440F82E}.AppStore|x64.Deploy.0 = AppStore|iPhone
		{53ED82FD-4769-44EC-B4A3-EA7C2440F82E}.AppStore|x86.ActiveCfg = AppStore|iPhone
		{53ED82FD-4769-44EC-B4A3-EA7C2440F82E}.AppStore|x86.Build.0 = AppStore|iPhone
		{53ED82FD-4769-44EC-B4A3-EA7C2440F82E}.AppStore|x86.Deploy.0 = AppStore|iPhone
		{53ED82FD-4769-44EC-B4A3-EA7C2440F82E}.Debug|Any CPU.ActiveCfg = Debug|iPhoneSimulator
		{53ED82FD-4769-44EC-B4A3-EA7C2440F82E}.Debug|Any CPU.Build.0 = Debug|iPhoneSimulator
		{53ED82FD-4769-44EC-B4A3-EA7C2440F82E}.Debug|Any CPU.Deploy.0 = Debug|iPhoneSimulator
		{53ED82FD-4769-44EC-B4A3-EA7C2440F82E}.Debug|ARM.ActiveCfg = Debug|iPhone
		{53ED82FD-4769-44EC-B4A3-EA7C2440F82E}.Debug|ARM.Build.0 = Debug|iPhone
		{53ED82FD-4769-44EC-B4A3-EA7C2440F82E}.Debug|ARM.Deploy.0 = Debug|iPhone
		{53ED82FD-4769-44EC-B4A3-EA7C2440F82E}.Debug|iPhone.ActiveCfg = Debug|iPhone
		{53ED82FD-4769-44EC-B4A3-EA7C2440F82E}.Debug|iPhone.Build.0 = Debug|iPhone
		{53ED82FD-4769-44EC-B4A3-EA7C2440F82E}.Debug|iPhone.Deploy.0 = Debug|iPhone
		{53ED82FD-4769-44EC-B4A3-EA7C2440F82E}.Debug|iPhoneSimulator.ActiveCfg = Debug|iPhoneSimulator
		{53ED82FD-4769-44EC-B4A3-EA7C2440F82E}.Debug|iPhoneSimulator.Build.0 = Debug|iPhoneSimulator
		{53ED82FD-4769-44EC-B4A3-EA7C2440F82E}.Debug|iPhoneSimulator.Deploy.0 = Debug|iPhoneSimulator
		{53ED82FD-4769-44EC-B4A3-EA7C2440F82E}.Debug|x64.ActiveCfg = Debug|iPhone
		{53ED82FD-4769-44EC-B4A3-EA7C2440F82E}.Debug|x64.Build.0 = Debug|iPhone
		{53ED82FD-4769-44EC-B4A3-EA7C2440F82E}.Debug|x64.Deploy.0 = Debug|iPhone
		{53ED82FD-4769-44EC-B4A3-EA7C2440F82E}.Debug|x86.ActiveCfg = Debug|iPhone
		{53ED82FD-4769-44EC-B4A3-EA7C2440F82E}.Debug|x86.Build.0 = Debug|iPhone
		{53ED82FD-4769-44EC-B4A3-EA7C2440F82E}.Debug|x86.Deploy.0 = Debug|iPhone
		{53ED82FD-4769-44EC-B4A3-EA7C2440F82E}.Release|Any CPU.ActiveCfg = Release|iPhone
		{53ED82FD-4769-44EC-B4A3-EA7C2440F82E}.Release|Any CPU.Build.0 = Release|iPhone
		{53ED82FD-4769-44EC-B4A3-EA7C2440F82E}.Release|Any CPU.Deploy.0 = Release|iPhone
		{53ED82FD-4769-44EC-B4A3-EA7C2440F82E}.Release|ARM.ActiveCfg = Release|iPhone
		{53ED82FD-4769-44EC-B4A3-EA7C2440F82E}.Release|ARM.Build.0 = Release|iPhone
		{53ED82FD-4769-44EC-B4A3-EA7C2440F82E}.Release|ARM.Deploy.0 = Release|iPhone
		{53ED82FD-4769-44EC-B4A3-EA7C2440F82E}.Release|iPhone.ActiveCfg = Release|iPhone
		{53ED82FD-4769-44EC-B4A3-EA7C2440F82E}.Release|iPhone.Build.0 = Release|iPhone
		{53ED82FD-4769-44EC-B4A3-EA7C2440F82E}.Release|iPhone.Deploy.0 = Release|iPhone
		{53ED82FD-4769-44EC-B4A3-EA7C2440F82E}.Release|iPhoneSimulator.ActiveCfg = Release|iPhoneSimulator
		{53ED82FD-4769-44EC-B4A3-EA7C2440F82E}.Release|iPhoneSimulator.Build.0 = Release|iPhoneSimulator
		{53ED82FD-4769-44EC-B4A3-EA7C2440F82E}.Release|iPhoneSimulator.Deploy.0 = Release|iPhoneSimulator
		{53ED82FD-4769-44EC-B4A3-EA7C2440F82E}.Release|x64.ActiveCfg = Release|iPhone
		{53ED82FD-4769-44EC-B4A3-EA7C2440F82E}.Release|x64.Build.0 = Release|iPhone
		{53ED82FD-4769-44EC-B4A3-EA7C2440F82E}.Release|x64.Deploy.0 = Release|iPhone
		{53ED82FD-4769-44EC-B4A3-EA7C2440F82E}.Release|x86.ActiveCfg = Release|iPhone
		{53ED82FD-4769-44EC-B4A3-EA7C2440F82E}.Release|x86.Build.0 = Release|iPhone
		{53ED82FD-4769-44EC-B4A3-EA7C2440F82E}.Release|x86.Deploy.0 = Release|iPhone
		{9897E62A-9C91-43A9-A620-05815C5B0E83}.Ad-Hoc|Any CPU.ActiveCfg = Release|x86
		{9897E62A-9C91-43A9-A620-05815C5B0E83}.Ad-Hoc|Any CPU.Build.0 = Release|x86
		{9897E62A-9C91-43A9-A620-05815C5B0E83}.Ad-Hoc|Any CPU.Deploy.0 = Release|x86
		{9897E62A-9C91-43A9-A620-05815C5B0E83}.Ad-Hoc|ARM.ActiveCfg = Release|ARM
		{9897E62A-9C91-43A9-A620-05815C5B0E83}.Ad-Hoc|ARM.Build.0 = Release|ARM
		{9897E62A-9C91-43A9-A620-05815C5B0E83}.Ad-Hoc|ARM.Deploy.0 = Release|ARM
		{9897E62A-9C91-43A9-A620-05815C5B0E83}.Ad-Hoc|iPhone.ActiveCfg = Release|x86
		{9897E62A-9C91-43A9-A620-05815C5B0E83}.Ad-Hoc|iPhone.Build.0 = Release|x86
		{9897E62A-9C91-43A9-A620-05815C5B0E83}.Ad-Hoc|iPhone.Deploy.0 = Release|x86
		{9897E62A-9C91-43A9-A620-05815C5B0E83}.Ad-Hoc|iPhoneSimulator.ActiveCfg = Release|x86
		{9897E62A-9C91-43A9-A620-05815C5B0E83}.Ad-Hoc|iPhoneSimulator.Build.0 = Release|x86
		{9897E62A-9C91-43A9-A620-05815C5B0E83}.Ad-Hoc|iPhoneSimulator.Deploy.0 = Release|x86
		{9897E62A-9C91-43A9-A620-05815C5B0E83}.Ad-Hoc|x64.ActiveCfg = Release|x64
		{9897E62A-9C91-43A9-A620-05815C5B0E83}.Ad-Hoc|x64.Build.0 = Release|x64
		{9897E62A-9C91-43A9-A620-05815C5B0E83}.Ad-Hoc|x64.Deploy.0 = Release|x64
		{9897E62A-9C91-43A9-A620-05815C5B0E83}.Ad-Hoc|x86.ActiveCfg = Release|x86
		{9897E62A-9C91-43A9-A620-05815C5B0E83}.Ad-Hoc|x86.Build.0 = Release|x86
		{9897E62A-9C91-43A9-A620-05815C5B0E83}.Ad-Hoc|x86.Deploy.0 = Release|x86
		{9897E62A-9C91-43A9-A620-05815C5B0E83}.AppStore|Any CPU.ActiveCfg = Release|x86
		{9897E62A-9C91-43A9-A620-05815C5B0E83}.AppStore|Any CPU.Build.0 = Release|x86
		{9897E62A-9C91-43A9-A620-05815C5B0E83}.AppStore|Any CPU.Deploy.0 = Release|x86
		{9897E62A-9C91-43A9-A620-05815C5B0E83}.AppStore|ARM.ActiveCfg = Release|ARM
		{9897E62A-9C91-43A9-A620-05815C5B0E83}.AppStore|ARM.Build.0 = Release|ARM
		{9897E62A-9C91-43A9-A620-05815C5B0E83}.AppStore|ARM.Deploy.0 = Release|ARM
		{9897E62A-9C91-43A9-A620-05815C5B0E83}.AppStore|iPhone.ActiveCfg = Release|x86
		{9897E62A-9C91-43A9-A620-05815C5B0E83}.AppStore|iPhone.Build.0 = Release|x86
		{9897E62A-9C91-43A9-A620-05815C5B0E83}.AppStore|iPhone.Deploy.0 = Release|x86
		{9897E62A-9C91-43A9-A620-05815C5B0E83}.AppStore|iPhoneSimulator.ActiveCfg = Release|x86
		{9897E62A-9C91-43A9-A620-05815C5B0E83}.AppStore|iPhoneSimulator.Build.0 = Release|x86
		{9897E62A-9C91-43A9-A620-05815C5B0E83}.AppStore|iPhoneSimulator.Deploy.0 = Release|x86
		{9897E62A-9C91-43A9-A620-05815C5B0E83}.AppStore|x64.ActiveCfg = Release|x64
		{9897E62A-9C91-43A9-A620-05815C5B0E83}.AppStore|x64.Build.0 = Release|x64
		{9897E62A-9C91-43A9-A620-05815C5B0E83}.AppStore|x64.Deploy.0 = Release|x64
		{9897E62A-9C91-43A9-A620-05815C5B0E83}.AppStore|x86.ActiveCfg = Release|x86
		{9897E62A-9C91-43A9-A620-05815C5B0E83}.AppStore|x86.Build.0 = Release|x86
		{9897E62A-9C91-43A9-A620-05815C5B0E83}.AppStore|x86.Deploy.0 = Release|x86
		{9897E62A-9C91-43A9-A620-05815C5B0E83}.Debug|Any CPU.ActiveCfg = Debug|x86
		{9897E62A-9C91-43A9-A620-05815C5B0E83}.Debug|Any CPU.Build.0 = Debug|x86
		{9897E62A-9C91-43A9-A620-05815C5B0E83}.Debug|Any CPU.Deploy.0 = Debug|x86
		{9897E62A-9C91-43A9-A620-05815C5B0E83}.Debug|ARM.ActiveCfg = Debug|ARM
		{9897E62A-9C91-43A9-A620-05815C5B0E83}.Debug|ARM.Build.0 = Debug|ARM
		{9897E62A-9C91-43A9-A620-05815C5B0E83}.Debug|ARM.Deploy.0 = Debug|ARM
		{9897E62A-9C91-43A9-A620-05815C5B0E83}.Debug|iPhone.ActiveCfg = Debug|x86
		{9897E62A-9C91-43A9-A620-05815C5B0E83}.Debug|iPhone.Build.0 = Debug|x86
		{9897E62A-9C91-43A9-A620-05815C5B0E83}.Debug|iPhone.Deploy.0 = Debug|x86
		{9897E62A-9C91-43A9-A620-05815C5B0E83}.Debug|iPhoneSimulator.ActiveCfg = Debug|x86
		{9897E62A-9C91-43A9-A620-05815C5B0E83}.Debug|iPhoneSimulator.Build.0 = Debug|x86
		{9897E62A-9C91-43A9-A620-05815C5B0E83}.Debug|iPhoneSimulator.Deploy.0 = Debug|x86
		{9897E62A-9C91-43A9-A620-05815C5B0E83}.Debug|x64.ActiveCfg = Debug|x64
		{9897E62A-9C91-43A9-A620-05815C5B0E83}.Debug|x64.Build.0 = Debug|x64
		{9897E62A-9C91-43A9-A620-05815C5B0E83}.Debug|x64.Deploy.0 = Debug|x64
		{9897E62A-9C91-43A9-A620-05815C5B0E83}.Debug|x86.ActiveCfg = Debug|x86
		{9897E62A-9C91-43A9-A620-05815C5B0E83}.Debug|x86.Build.0 = Debug|x86
		{9897E62A-9C91-43A9-A620-05815C5B0E83}.Debug|x86.Deploy.0 = Debug|x86
		{9897E62A-9C91-43A9-A620-05815C5B0E83}.Release|Any CPU.ActiveCfg = Release|x86
		{9897E62A-9C91-43A9-A620-05815C5B0E83}.Release|Any CPU.Build.0 = Release|x86
		{9897E62A-9C91-43A9-A620-05815C5B0E83}.Release|Any CPU.Deploy.0 = Release|x86
		{9897E62A-9C91-43A9-A620-05815C5B0E83}.Release|ARM.ActiveCfg = Release|ARM
		{9897E62A-9C91-43A9-A620-05815C5B0E83}.Release|ARM.Build.0 = Release|ARM
		{9897E62A-9C91-43A9-A620-05815C5B0E83}.Release|ARM.Deploy.0 = Release|ARM
		{9897E62A-9C91-43A9-A620-05815C5B0E83}.Release|iPhone.ActiveCfg = Release|x86
		{9897E62A-9C91-43A9-A620-05815C5B0E83}.Release|iPhone.Build.0 = Release|x86
		{9897E62A-9C91-43A9-A620-05815C5B0E83}.Release|iPhone.Deploy.0 = Release|x86
		{9897E62A-9C91-43A9-A620-05815C5B0E83}.Release|iPhoneSimulator.ActiveCfg = Release|x86
		{9897E62A-9C91-43A9-A620-05815C5B0E83}.Release|iPhoneSimulator.Build.0 = Release|x86
		{9897E62A-9C91-43A9-A620-05815C5B0E83}.Release|iPhoneSimulator.Deploy.0 = Release|x86
		{9897E62A-9C91-43A9-A620-05815C5B0E83}.Release|x64.ActiveCfg = Release|x64
		{9897E62A-9C91-43A9-A620-05815C5B0E83}.Release|x64.Build.0 = Release|x64
		{9897E62A-9C91-43A9-A620-05815C5B0E83}.Release|x64.Deploy.0 = Release|x64
		{9897E62A-9C91-43A9-A620-05815C5B0E83}.Release|x86.ActiveCfg = Release|x86
		{9897E62A-9C91-43A9-A620-05815C5B0E83}.Release|x86.Build.0 = Release|x86
		{9897E62A-9C91-43A9-A620-05815C5B0E83}.Release|x86.Deploy.0 = Release|x86
		{DFA676E7-8219-48C1-99FC-AE9F392BDE21}.Ad-Hoc|Any CPU.ActiveCfg = Debug|Any CPU
		{DFA676E7-8219-48C1-99FC-AE9F392BDE21}.Ad-Hoc|Any CPU.Build.0 = Debug|Any CPU
		{DFA676E7-8219-48C1-99FC-AE9F392BDE21}.Ad-Hoc|Any CPU.Deploy.0 = Debug|Any CPU
		{DFA676E7-8219-48C1-99FC-AE9F392BDE21}.Ad-Hoc|ARM.ActiveCfg = Debug|Any CPU
		{DFA676E7-8219-48C1-99FC-AE9F392BDE21}.Ad-Hoc|ARM.Build.0 = Debug|Any CPU
		{DFA676E7-8219-48C1-99FC-AE9F392BDE21}.Ad-Hoc|ARM.Deploy.0 = Debug|Any CPU
		{DFA676E7-8219-48C1-99FC-AE9F392BDE21}.Ad-Hoc|iPhone.ActiveCfg = Debug|Any CPU
		{DFA676E7-8219-48C1-99FC-AE9F392BDE21}.Ad-Hoc|iPhone.Build.0 = Debug|Any CPU
		{DFA676E7-8219-48C1-99FC-AE9F392BDE21}.Ad-Hoc|iPhone.Deploy.0 = Debug|Any CPU
		{DFA676E7-8219-48C1-99FC-AE9F392BDE21}.Ad-Hoc|iPhoneSimulator.ActiveCfg = Debug|Any CPU
		{DFA676E7-8219-48C1-99FC-AE9F392BDE21}.Ad-Hoc|iPhoneSimulator.Build.0 = Debug|Any CPU
		{DFA676E7-8219-48C1-99FC-AE9F392BDE21}.Ad-Hoc|iPhoneSimulator.Deploy.0 = Debug|Any CPU
		{DFA676E7-8219-48C1-99FC-AE9F392BDE21}.Ad-Hoc|x64.ActiveCfg = Debug|Any CPU
		{DFA676E7-8219-48C1-99FC-AE9F392BDE21}.Ad-Hoc|x64.Build.0 = Debug|Any CPU
		{DFA676E7-8219-48C1-99FC-AE9F392BDE21}.Ad-Hoc|x64.Deploy.0 = Debug|Any CPU
		{DFA676E7-8219-48C1-99FC-AE9F392BDE21}.Ad-Hoc|x86.ActiveCfg = Debug|Any CPU
		{DFA676E7-8219-48C1-99FC-AE9F392BDE21}.Ad-Hoc|x86.Build.0 = Debug|Any CPU
		{DFA676E7-8219-48C1-99FC-AE9F392BDE21}.Ad-Hoc|x86.Deploy.0 = Debug|Any CPU
		{DFA676E7-8219-48C1-99FC-AE9F392BDE21}.AppStore|Any CPU.ActiveCfg = Debug|Any CPU
		{DFA676E7-8219-48C1-99FC-AE9F392BDE21}.AppStore|Any CPU.Build.0 = Debug|Any CPU
		{DFA676E7-8219-48C1-99FC-AE9F392BDE21}.AppStore|Any CPU.Deploy.0 = Debug|Any CPU
		{DFA676E7-8219-48C1-99FC-AE9F392BDE21}.AppStore|ARM.ActiveCfg = Debug|Any CPU
		{DFA676E7-8219-48C1-99FC-AE9F392BDE21}.AppStore|ARM.Build.0 = Debug|Any CPU
		{DFA676E7-8219-48C1-99FC-AE9F392BDE21}.AppStore|ARM.Deploy.0 = Debug|Any CPU
		{DFA676E7-8219-48C1-99FC-AE9F392BDE21}.AppStore|iPhone.ActiveCfg = Debug|Any CPU
		{DFA676E7-8219-48C1-99FC-AE9F392BDE21}.AppStore|iPhone.Build.0 = Debug|Any CPU
		{DFA676E7-8219-48C1-99FC-AE9F392BDE21}.AppStore|iPhone.Deploy.0 = Debug|Any CPU
		{DFA676E7-8219-48C1-99FC-AE9F392BDE21}.AppStore|iPhoneSimulator.ActiveCfg = Debug|Any CPU
		{DFA676E7-8219-48C1-99FC-AE9F392BDE21}.AppStore|iPhoneSimulator.Build.0 = Debug|Any CPU
		{DFA676E7-8219-48C1-99FC-AE9F392BDE21}.AppStore|iPhoneSimulator.Deploy.0 = Debug|Any CPU
		{DFA676E7-8219-48C1-99FC-AE9F392BDE21}.AppStore|x64.ActiveCfg = Debug|Any CPU
		{DFA676E7-8219-48C1-99FC-AE9F392BDE21}.AppStore|x64.Build.0 = Debug|Any CPU
		{DFA676E7-8219-48C1-99FC-AE9F392BDE21}.AppStore|x64.Deploy.0 = Debug|Any CPU
		{DFA676E7-8219-48C1-99FC-AE9F392BDE21}.AppStore|x86.ActiveCfg = Debug|Any CPU
		{DFA676E7-8219-48C1-99FC-AE9F392BDE21}.AppStore|x86.Build.0 = Debug|Any CPU
		{DFA676E7-8219-48C1-99FC-AE9F392BDE21}.AppStore|x86.Deploy.0 = Debug|Any CPU
		{DFA676E7-8219-48C1-99FC-AE9F392BDE21}.Debug|Any CPU.ActiveCfg = Debug|Any CPU
		{DFA676E7-8219-48C1-99FC-AE9F392BDE21}.Debug|Any CPU.Build.0 = Debug|Any CPU
		{DFA676E7-8219-48C1-99FC-AE9F392BDE21}.Debug|Any CPU.Deploy.0 = Debug|Any CPU
		{DFA676E7-8219-48C1-99FC-AE9F392BDE21}.Debug|ARM.ActiveCfg = Debug|Any CPU
		{DFA676E7-8219-48C1-99FC-AE9F392BDE21}.Debug|ARM.Build.0 = Debug|Any CPU
		{DFA676E7-8219-48C1-99FC-AE9F392BDE21}.Debug|ARM.Deploy.0 = Debug|Any CPU
		{DFA676E7-8219-48C1-99FC-AE9F392BDE21}.Debug|iPhone.ActiveCfg = Debug|Any CPU
		{DFA676E7-8219-48C1-99FC-AE9F392BDE21}.Debug|iPhone.Build.0 = Debug|Any CPU
		{DFA676E7-8219-48C1-99FC-AE9F392BDE21}.Debug|iPhone.Deploy.0 = Debug|Any CPU
		{DFA676E7-8219-48C1-99FC-AE9F392BDE21}.Debug|iPhoneSimulator.ActiveCfg = Debug|Any CPU
		{DFA676E7-8219-48C1-99FC-AE9F392BDE21}.Debug|iPhoneSimulator.Build.0 = Debug|Any CPU
		{DFA676E7-8219-48C1-99FC-AE9F392BDE21}.Debug|iPhoneSimulator.Deploy.0 = Debug|Any CPU
		{DFA676E7-8219-48C1-99FC-AE9F392BDE21}.Debug|x64.ActiveCfg = Debug|Any CPU
		{DFA676E7-8219-48C1-99FC-AE9F392BDE21}.Debug|x64.Build.0 = Debug|Any CPU
		{DFA676E7-8219-48C1-99FC-AE9F392BDE21}.Debug|x64.Deploy.0 = Debug|Any CPU
		{DFA676E7-8219-48C1-99FC-AE9F392BDE21}.Debug|x86.ActiveCfg = Debug|Any CPU
		{DFA676E7-8219-48C1-99FC-AE9F392BDE21}.Debug|x86.Build.0 = Debug|Any CPU
		{DFA676E7-8219-48C1-99FC-AE9F392BDE21}.Debug|x86.Deploy.0 = Debug|Any CPU
		{DFA676E7-8219-48C1-99FC-AE9F392BDE21}.Release|Any CPU.ActiveCfg = Release|Any CPU
		{DFA676E7-8219-48C1-99FC-AE9F392BDE21}.Release|Any CPU.Build.0 = Release|Any CPU
		{DFA676E7-8219-48C1-99FC-AE9F392BDE21}.Release|Any CPU.Deploy.0 = Release|Any CPU
		{DFA676E7-8219-48C1-99FC-AE9F392BDE21}.Release|ARM.ActiveCfg = Release|Any CPU
		{DFA676E7-8219-48C1-99FC-AE9F392BDE21}.Release|ARM.Build.0 = Release|Any CPU
		{DFA676E7-8219-48C1-99FC-AE9F392BDE21}.Release|ARM.Deploy.0 = Release|Any CPU
		{DFA676E7-8219-48C1-99FC-AE9F392BDE21}.Release|iPhone.ActiveCfg = Release|Any CPU
		{DFA676E7-8219-48C1-99FC-AE9F392BDE21}.Release|iPhone.Build.0 = Release|Any CPU
		{DFA676E7-8219-48C1-99FC-AE9F392BDE21}.Release|iPhone.Deploy.0 = Release|Any CPU
		{DFA676E7-8219-48C1-99FC-AE9F392BDE21}.Release|iPhoneSimulator.ActiveCfg = Release|Any CPU
		{DFA676E7-8219-48C1-99FC-AE9F392BDE21}.Release|iPhoneSimulator.Build.0 = Release|Any CPU
		{DFA676E7-8219-48C1-99FC-AE9F392BDE21}.Release|iPhoneSimulator.Deploy.0 = Release|Any CPU
		{DFA676E7-8219-48C1-99FC-AE9F392BDE21}.Release|x64.ActiveCfg = Release|Any CPU
		{DFA676E7-8219-48C1-99FC-AE9F392BDE21}.Release|x64.Build.0 = Release|Any CPU
		{DFA676E7-8219-48C1-99FC-AE9F392BDE21}.Release|x64.Deploy.0 = Release|Any CPU
		{DFA676E7-8219-48C1-99FC-AE9F392BDE21}.Release|x86.ActiveCfg = Release|Any CPU
		{DFA676E7-8219-48C1-99FC-AE9F392BDE21}.Release|x86.Build.0 = Release|Any CPU
		{DFA676E7-8219-48C1-99FC-AE9F392BDE21}.Release|x86.Deploy.0 = Release|Any CPU
		{FAB1FB15-DB7D-4C51-863B-43121E337039}.Ad-Hoc|Any CPU.ActiveCfg = Release|Any CPU
		{FAB1FB15-DB7D-4C51-863B-43121E337039}.Ad-Hoc|Any CPU.Build.0 = Release|Any CPU
		{FAB1FB15-DB7D-4C51-863B-43121E337039}.Ad-Hoc|ARM.ActiveCfg = Release|Any CPU
		{FAB1FB15-DB7D-4C51-863B-43121E337039}.Ad-Hoc|ARM.Build.0 = Release|Any CPU
		{FAB1FB15-DB7D-4C51-863B-43121E337039}.Ad-Hoc|iPhone.ActiveCfg = Release|Any CPU
		{FAB1FB15-DB7D-4C51-863B-43121E337039}.Ad-Hoc|iPhone.Build.0 = Release|Any CPU
		{FAB1FB15-DB7D-4C51-863B-43121E337039}.Ad-Hoc|iPhoneSimulator.ActiveCfg = Release|Any CPU
		{FAB1FB15-DB7D-4C51-863B-43121E337039}.Ad-Hoc|iPhoneSimulator.Build.0 = Release|Any CPU
		{FAB1FB15-DB7D-4C51-863B-43121E337039}.Ad-Hoc|x64.ActiveCfg = Release|Any CPU
		{FAB1FB15-DB7D-4C51-863B-43121E337039}.Ad-Hoc|x64.Build.0 = Release|Any CPU
		{FAB1FB15-DB7D-4C51-863B-43121E337039}.Ad-Hoc|x86.ActiveCfg = Release|Any CPU
		{FAB1FB15-DB7D-4C51-863B-43121E337039}.Ad-Hoc|x86.Build.0 = Release|Any CPU
		{FAB1FB15-DB7D-4C51-863B-43121E337039}.AppStore|Any CPU.ActiveCfg = Release|Any CPU
		{FAB1FB15-DB7D-4C51-863B-43121E337039}.AppStore|Any CPU.Build.0 = Release|Any CPU
		{FAB1FB15-DB7D-4C51-863B-43121E337039}.AppStore|ARM.ActiveCfg = Release|Any CPU
		{FAB1FB15-DB7D-4C51-863B-43121E337039}.AppStore|ARM.Build.0 = Release|Any CPU
		{FAB1FB15-DB7D-4C51-863B-43121E337039}.AppStore|iPhone.ActiveCfg = Release|Any CPU
		{FAB1FB15-DB7D-4C51-863B-43121E337039}.AppStore|iPhone.Build.0 = Release|Any CPU
		{FAB1FB15-DB7D-4C51-863B-43121E337039}.AppStore|iPhoneSimulator.ActiveCfg = Release|Any CPU
		{FAB1FB15-DB7D-4C51-863B-43121E337039}.AppStore|iPhoneSimulator.Build.0 = Release|Any CPU
		{FAB1FB15-DB7D-4C51-863B-43121E337039}.AppStore|x64.ActiveCfg = Release|Any CPU
		{FAB1FB15-DB7D-4C51-863B-43121E337039}.AppStore|x64.Build.0 = Release|Any CPU
		{FAB1FB15-DB7D-4C51-863B-43121E337039}.AppStore|x86.ActiveCfg = Release|Any CPU
		{FAB1FB15-DB7D-4C51-863B-43121E337039}.AppStore|x86.Build.0 = Release|Any CPU
		{FAB1FB15-DB7D-4C51-863B-43121E337039}.Debug|Any CPU.ActiveCfg = Debug|Any CPU
		{FAB1FB15-DB7D-4C51-863B-43121E337039}.Debug|Any CPU.Build.0 = Debug|Any CPU
		{FAB1FB15-DB7D-4C51-863B-43121E337039}.Debug|ARM.ActiveCfg = Debug|Any CPU
		{FAB1FB15-DB7D-4C51-863B-43121E337039}.Debug|ARM.Build.0 = Debug|Any CPU
		{FAB1FB15-DB7D-4C51-863B-43121E337039}.Debug|iPhone.ActiveCfg = Debug|Any CPU
		{FAB1FB15-DB7D-4C51-863B-43121E337039}.Debug|iPhone.Build.0 = Debug|Any CPU
		{FAB1FB15-DB7D-4C51-863B-43121E337039}.Debug|iPhoneSimulator.ActiveCfg = Debug|Any CPU
		{FAB1FB15-DB7D-4C51-863B-43121E337039}.Debug|iPhoneSimulator.Build.0 = Debug|Any CPU
		{FAB1FB15-DB7D-4C51-863B-43121E337039}.Debug|x64.ActiveCfg = Debug|Any CPU
		{FAB1FB15-DB7D-4C51-863B-43121E337039}.Debug|x64.Build.0 = Debug|Any CPU
		{FAB1FB15-DB7D-4C51-863B-43121E337039}.Debug|x86.ActiveCfg = Debug|Any CPU
		{FAB1FB15-DB7D-4C51-863B-43121E337039}.Debug|x86.Build.0 = Debug|Any CPU
		{FAB1FB15-DB7D-4C51-863B-43121E337039}.Release|Any CPU.ActiveCfg = Release|Any CPU
		{FAB1FB15-DB7D-4C51-863B-43121E337039}.Release|Any CPU.Build.0 = Release|Any CPU
		{FAB1FB15-DB7D-4C51-863B-43121E337039}.Release|ARM.ActiveCfg = Release|Any CPU
		{FAB1FB15-DB7D-4C51-863B-43121E337039}.Release|ARM.Build.0 = Release|Any CPU
		{FAB1FB15-DB7D-4C51-863B-43121E337039}.Release|iPhone.ActiveCfg = Release|Any CPU
		{FAB1FB15-DB7D-4C51-863B-43121E337039}.Release|iPhone.Build.0 = Release|Any CPU
		{FAB1FB15-DB7D-4C51-863B-43121E337039}.Release|iPhoneSimulator.ActiveCfg = Release|Any CPU
		{FAB1FB15-DB7D-4C51-863B-43121E337039}.Release|iPhoneSimulator.Build.0 = Release|Any CPU
		{FAB1FB15-DB7D-4C51-863B-43121E337039}.Release|x64.ActiveCfg = Release|Any CPU
		{FAB1FB15-DB7D-4C51-863B-43121E337039}.Release|x64.Build.0 = Release|Any CPU
		{FAB1FB15-DB7D-4C51-863B-43121E337039}.Release|x86.ActiveCfg = Release|Any CPU
		{FAB1FB15-DB7D-4C51-863B-43121E337039}.Release|x86.Build.0 = Release|Any CPU
		{D59EA21C-507B-4528-BDBB-4FB1476CD5BC}.Ad-Hoc|Any CPU.ActiveCfg = Release|Any CPU
		{D59EA21C-507B-4528-BDBB-4FB1476CD5BC}.Ad-Hoc|Any CPU.Build.0 = Release|Any CPU
		{D59EA21C-507B-4528-BDBB-4FB1476CD5BC}.Ad-Hoc|ARM.ActiveCfg = Release|Any CPU
		{D59EA21C-507B-4528-BDBB-4FB1476CD5BC}.Ad-Hoc|ARM.Build.0 = Release|Any CPU
		{D59EA21C-507B-4528-BDBB-4FB1476CD5BC}.Ad-Hoc|iPhone.ActiveCfg = Release|Any CPU
		{D59EA21C-507B-4528-BDBB-4FB1476CD5BC}.Ad-Hoc|iPhone.Build.0 = Release|Any CPU
		{D59EA21C-507B-4528-BDBB-4FB1476CD5BC}.Ad-Hoc|iPhoneSimulator.ActiveCfg = Release|Any CPU
		{D59EA21C-507B-4528-BDBB-4FB1476CD5BC}.Ad-Hoc|iPhoneSimulator.Build.0 = Release|Any CPU
		{D59EA21C-507B-4528-BDBB-4FB1476CD5BC}.Ad-Hoc|x64.ActiveCfg = Release|Any CPU
		{D59EA21C-507B-4528-BDBB-4FB1476CD5BC}.Ad-Hoc|x64.Build.0 = Release|Any CPU
		{D59EA21C-507B-4528-BDBB-4FB1476CD5BC}.Ad-Hoc|x86.ActiveCfg = Release|Any CPU
		{D59EA21C-507B-4528-BDBB-4FB1476CD5BC}.Ad-Hoc|x86.Build.0 = Release|Any CPU
		{D59EA21C-507B-4528-BDBB-4FB1476CD5BC}.AppStore|Any CPU.ActiveCfg = Release|Any CPU
		{D59EA21C-507B-4528-BDBB-4FB1476CD5BC}.AppStore|Any CPU.Build.0 = Release|Any CPU
		{D59EA21C-507B-4528-BDBB-4FB1476CD5BC}.AppStore|ARM.ActiveCfg = Release|Any CPU
		{D59EA21C-507B-4528-BDBB-4FB1476CD5BC}.AppStore|ARM.Build.0 = Release|Any CPU
		{D59EA21C-507B-4528-BDBB-4FB1476CD5BC}.AppStore|iPhone.ActiveCfg = Release|Any CPU
		{D59EA21C-507B-4528-BDBB-4FB1476CD5BC}.AppStore|iPhone.Build.0 = Release|Any CPU
		{D59EA21C-507B-4528-BDBB-4FB1476CD5BC}.AppStore|iPhoneSimulator.ActiveCfg = Release|Any CPU
		{D59EA21C-507B-4528-BDBB-4FB1476CD5BC}.AppStore|iPhoneSimulator.Build.0 = Release|Any CPU
		{D59EA21C-507B-4528-BDBB-4FB1476CD5BC}.AppStore|x64.ActiveCfg = Release|Any CPU
		{D59EA21C-507B-4528-BDBB-4FB1476CD5BC}.AppStore|x64.Build.0 = Release|Any CPU
		{D59EA21C-507B-4528-BDBB-4FB1476CD5BC}.AppStore|x86.ActiveCfg = Release|Any CPU
		{D59EA21C-507B-4528-BDBB-4FB1476CD5BC}.AppStore|x86.Build.0 = Release|Any CPU
		{D59EA21C-507B-4528-BDBB-4FB1476CD5BC}.Debug|Any CPU.ActiveCfg = Debug|Any CPU
		{D59EA21C-507B-4528-BDBB-4FB1476CD5BC}.Debug|Any CPU.Build.0 = Debug|Any CPU
		{D59EA21C-507B-4528-BDBB-4FB1476CD5BC}.Debug|ARM.ActiveCfg = Debug|Any CPU
		{D59EA21C-507B-4528-BDBB-4FB1476CD5BC}.Debug|ARM.Build.0 = Debug|Any CPU
		{D59EA21C-507B-4528-BDBB-4FB1476CD5BC}.Debug|iPhone.ActiveCfg = Debug|Any CPU
		{D59EA21C-507B-4528-BDBB-4FB1476CD5BC}.Debug|iPhone.Build.0 = Debug|Any CPU
		{D59EA21C-507B-4528-BDBB-4FB1476CD5BC}.Debug|iPhoneSimulator.ActiveCfg = Debug|Any CPU
		{D59EA21C-507B-4528-BDBB-4FB1476CD5BC}.Debug|iPhoneSimulator.Build.0 = Debug|Any CPU
		{D59EA21C-507B-4528-BDBB-4FB1476CD5BC}.Debug|x64.ActiveCfg = Debug|Any CPU
		{D59EA21C-507B-4528-BDBB-4FB1476CD5BC}.Debug|x64.Build.0 = Debug|Any CPU
		{D59EA21C-507B-4528-BDBB-4FB1476CD5BC}.Debug|x86.ActiveCfg = Debug|Any CPU
		{D59EA21C-507B-4528-BDBB-4FB1476CD5BC}.Debug|x86.Build.0 = Debug|Any CPU
		{D59EA21C-507B-4528-BDBB-4FB1476CD5BC}.Release|Any CPU.ActiveCfg = Release|Any CPU
		{D59EA21C-507B-4528-BDBB-4FB1476CD5BC}.Release|Any CPU.Build.0 = Release|Any CPU
		{D59EA21C-507B-4528-BDBB-4FB1476CD5BC}.Release|ARM.ActiveCfg = Release|Any CPU
		{D59EA21C-507B-4528-BDBB-4FB1476CD5BC}.Release|ARM.Build.0 = Release|Any CPU
		{D59EA21C-507B-4528-BDBB-4FB1476CD5BC}.Release|iPhone.ActiveCfg = Release|Any CPU
		{D59EA21C-507B-4528-BDBB-4FB1476CD5BC}.Release|iPhone.Build.0 = Release|Any CPU
		{D59EA21C-507B-4528-BDBB-4FB1476CD5BC}.Release|iPhoneSimulator.ActiveCfg = Release|Any CPU
		{D59EA21C-507B-4528-BDBB-4FB1476CD5BC}.Release|iPhoneSimulator.Build.0 = Release|Any CPU
		{D59EA21C-507B-4528-BDBB-4FB1476CD5BC}.Release|x64.ActiveCfg = Release|Any CPU
		{D59EA21C-507B-4528-BDBB-4FB1476CD5BC}.Release|x64.Build.0 = Release|Any CPU
		{D59EA21C-507B-4528-BDBB-4FB1476CD5BC}.Release|x86.ActiveCfg = Release|Any CPU
		{D59EA21C-507B-4528-BDBB-4FB1476CD5BC}.Release|x86.Build.0 = Release|Any CPU
		{FAA88E04-11C2-4D42-B926-1869DEA5B654}.Ad-Hoc|Any CPU.ActiveCfg = Release|Any CPU
		{FAA88E04-11C2-4D42-B926-1869DEA5B654}.Ad-Hoc|Any CPU.Build.0 = Release|Any CPU
		{FAA88E04-11C2-4D42-B926-1869DEA5B654}.Ad-Hoc|ARM.ActiveCfg = Release|Any CPU
		{FAA88E04-11C2-4D42-B926-1869DEA5B654}.Ad-Hoc|ARM.Build.0 = Release|Any CPU
		{FAA88E04-11C2-4D42-B926-1869DEA5B654}.Ad-Hoc|iPhone.ActiveCfg = Release|Any CPU
		{FAA88E04-11C2-4D42-B926-1869DEA5B654}.Ad-Hoc|iPhone.Build.0 = Release|Any CPU
		{FAA88E04-11C2-4D42-B926-1869DEA5B654}.Ad-Hoc|iPhoneSimulator.ActiveCfg = Release|Any CPU
		{FAA88E04-11C2-4D42-B926-1869DEA5B654}.Ad-Hoc|iPhoneSimulator.Build.0 = Release|Any CPU
		{FAA88E04-11C2-4D42-B926-1869DEA5B654}.Ad-Hoc|x64.ActiveCfg = Release|Any CPU
		{FAA88E04-11C2-4D42-B926-1869DEA5B654}.Ad-Hoc|x64.Build.0 = Release|Any CPU
		{FAA88E04-11C2-4D42-B926-1869DEA5B654}.Ad-Hoc|x86.ActiveCfg = Release|Any CPU
		{FAA88E04-11C2-4D42-B926-1869DEA5B654}.Ad-Hoc|x86.Build.0 = Release|Any CPU
		{FAA88E04-11C2-4D42-B926-1869DEA5B654}.AppStore|Any CPU.ActiveCfg = Release|Any CPU
		{FAA88E04-11C2-4D42-B926-1869DEA5B654}.AppStore|Any CPU.Build.0 = Release|Any CPU
		{FAA88E04-11C2-4D42-B926-1869DEA5B654}.AppStore|ARM.ActiveCfg = Release|Any CPU
		{FAA88E04-11C2-4D42-B926-1869DEA5B654}.AppStore|ARM.Build.0 = Release|Any CPU
		{FAA88E04-11C2-4D42-B926-1869DEA5B654}.AppStore|iPhone.ActiveCfg = Release|Any CPU
		{FAA88E04-11C2-4D42-B926-1869DEA5B654}.AppStore|iPhone.Build.0 = Release|Any CPU
		{FAA88E04-11C2-4D42-B926-1869DEA5B654}.AppStore|iPhoneSimulator.ActiveCfg = Release|Any CPU
		{FAA88E04-11C2-4D42-B926-1869DEA5B654}.AppStore|iPhoneSimulator.Build.0 = Release|Any CPU
		{FAA88E04-11C2-4D42-B926-1869DEA5B654}.AppStore|x64.ActiveCfg = Release|Any CPU
		{FAA88E04-11C2-4D42-B926-1869DEA5B654}.AppStore|x64.Build.0 = Release|Any CPU
		{FAA88E04-11C2-4D42-B926-1869DEA5B654}.AppStore|x86.ActiveCfg = Release|Any CPU
		{FAA88E04-11C2-4D42-B926-1869DEA5B654}.AppStore|x86.Build.0 = Release|Any CPU
		{FAA88E04-11C2-4D42-B926-1869DEA5B654}.Debug|Any CPU.ActiveCfg = Debug|Any CPU
		{FAA88E04-11C2-4D42-B926-1869DEA5B654}.Debug|Any CPU.Build.0 = Debug|Any CPU
		{FAA88E04-11C2-4D42-B926-1869DEA5B654}.Debug|ARM.ActiveCfg = Debug|Any CPU
		{FAA88E04-11C2-4D42-B926-1869DEA5B654}.Debug|ARM.Build.0 = Debug|Any CPU
		{FAA88E04-11C2-4D42-B926-1869DEA5B654}.Debug|iPhone.ActiveCfg = Debug|Any CPU
		{FAA88E04-11C2-4D42-B926-1869DEA5B654}.Debug|iPhone.Build.0 = Debug|Any CPU
		{FAA88E04-11C2-4D42-B926-1869DEA5B654}.Debug|iPhoneSimulator.ActiveCfg = Debug|Any CPU
		{FAA88E04-11C2-4D42-B926-1869DEA5B654}.Debug|iPhoneSimulator.Build.0 = Debug|Any CPU
		{FAA88E04-11C2-4D42-B926-1869DEA5B654}.Debug|x64.ActiveCfg = Debug|Any CPU
		{FAA88E04-11C2-4D42-B926-1869DEA5B654}.Debug|x64.Build.0 = Debug|Any CPU
		{FAA88E04-11C2-4D42-B926-1869DEA5B654}.Debug|x86.ActiveCfg = Debug|Any CPU
		{FAA88E04-11C2-4D42-B926-1869DEA5B654}.Debug|x86.Build.0 = Debug|Any CPU
		{FAA88E04-11C2-4D42-B926-1869DEA5B654}.Release|Any CPU.ActiveCfg = Release|Any CPU
		{FAA88E04-11C2-4D42-B926-1869DEA5B654}.Release|Any CPU.Build.0 = Release|Any CPU
		{FAA88E04-11C2-4D42-B926-1869DEA5B654}.Release|ARM.ActiveCfg = Release|Any CPU
		{FAA88E04-11C2-4D42-B926-1869DEA5B654}.Release|ARM.Build.0 = Release|Any CPU
		{FAA88E04-11C2-4D42-B926-1869DEA5B654}.Release|iPhone.ActiveCfg = Release|Any CPU
		{FAA88E04-11C2-4D42-B926-1869DEA5B654}.Release|iPhone.Build.0 = Release|Any CPU
		{FAA88E04-11C2-4D42-B926-1869DEA5B654}.Release|iPhoneSimulator.ActiveCfg = Release|Any CPU
		{FAA88E04-11C2-4D42-B926-1869DEA5B654}.Release|iPhoneSimulator.Build.0 = Release|Any CPU
		{FAA88E04-11C2-4D42-B926-1869DEA5B654}.Release|x64.ActiveCfg = Release|Any CPU
		{FAA88E04-11C2-4D42-B926-1869DEA5B654}.Release|x64.Build.0 = Release|Any CPU
		{FAA88E04-11C2-4D42-B926-1869DEA5B654}.Release|x86.ActiveCfg = Release|Any CPU
		{FAA88E04-11C2-4D42-B926-1869DEA5B654}.Release|x86.Build.0 = Release|Any CPU
		{BED48403-1B4F-484F-B0F4-E4226BEF4C0E}.Ad-Hoc|Any CPU.ActiveCfg = Release|Any CPU
		{BED48403-1B4F-484F-B0F4-E4226BEF4C0E}.Ad-Hoc|Any CPU.Build.0 = Release|Any CPU
		{BED48403-1B4F-484F-B0F4-E4226BEF4C0E}.Ad-Hoc|ARM.ActiveCfg = Release|Any CPU
		{BED48403-1B4F-484F-B0F4-E4226BEF4C0E}.Ad-Hoc|ARM.Build.0 = Release|Any CPU
		{BED48403-1B4F-484F-B0F4-E4226BEF4C0E}.Ad-Hoc|iPhone.ActiveCfg = Release|Any CPU
		{BED48403-1B4F-484F-B0F4-E4226BEF4C0E}.Ad-Hoc|iPhone.Build.0 = Release|Any CPU
		{BED48403-1B4F-484F-B0F4-E4226BEF4C0E}.Ad-Hoc|iPhoneSimulator.ActiveCfg = Release|Any CPU
		{BED48403-1B4F-484F-B0F4-E4226BEF4C0E}.Ad-Hoc|iPhoneSimulator.Build.0 = Release|Any CPU
		{BED48403-1B4F-484F-B0F4-E4226BEF4C0E}.Ad-Hoc|x64.ActiveCfg = Release|Any CPU
		{BED48403-1B4F-484F-B0F4-E4226BEF4C0E}.Ad-Hoc|x64.Build.0 = Release|Any CPU
		{BED48403-1B4F-484F-B0F4-E4226BEF4C0E}.Ad-Hoc|x86.ActiveCfg = Release|Any CPU
		{BED48403-1B4F-484F-B0F4-E4226BEF4C0E}.Ad-Hoc|x86.Build.0 = Release|Any CPU
		{BED48403-1B4F-484F-B0F4-E4226BEF4C0E}.AppStore|Any CPU.ActiveCfg = Release|Any CPU
		{BED48403-1B4F-484F-B0F4-E4226BEF4C0E}.AppStore|Any CPU.Build.0 = Release|Any CPU
		{BED48403-1B4F-484F-B0F4-E4226BEF4C0E}.AppStore|ARM.ActiveCfg = Release|Any CPU
		{BED48403-1B4F-484F-B0F4-E4226BEF4C0E}.AppStore|ARM.Build.0 = Release|Any CPU
		{BED48403-1B4F-484F-B0F4-E4226BEF4C0E}.AppStore|iPhone.ActiveCfg = Release|Any CPU
		{BED48403-1B4F-484F-B0F4-E4226BEF4C0E}.AppStore|iPhone.Build.0 = Release|Any CPU
		{BED48403-1B4F-484F-B0F4-E4226BEF4C0E}.AppStore|iPhoneSimulator.ActiveCfg = Release|Any CPU
		{BED48403-1B4F-484F-B0F4-E4226BEF4C0E}.AppStore|iPhoneSimulator.Build.0 = Release|Any CPU
		{BED48403-1B4F-484F-B0F4-E4226BEF4C0E}.AppStore|x64.ActiveCfg = Release|Any CPU
		{BED48403-1B4F-484F-B0F4-E4226BEF4C0E}.AppStore|x64.Build.0 = Release|Any CPU
		{BED48403-1B4F-484F-B0F4-E4226BEF4C0E}.AppStore|x86.ActiveCfg = Release|Any CPU
		{BED48403-1B4F-484F-B0F4-E4226BEF4C0E}.AppStore|x86.Build.0 = Release|Any CPU
		{BED48403-1B4F-484F-B0F4-E4226BEF4C0E}.Debug|Any CPU.ActiveCfg = Debug|Any CPU
		{BED48403-1B4F-484F-B0F4-E4226BEF4C0E}.Debug|Any CPU.Build.0 = Debug|Any CPU
		{BED48403-1B4F-484F-B0F4-E4226BEF4C0E}.Debug|ARM.ActiveCfg = Debug|Any CPU
		{BED48403-1B4F-484F-B0F4-E4226BEF4C0E}.Debug|ARM.Build.0 = Debug|Any CPU
		{BED48403-1B4F-484F-B0F4-E4226BEF4C0E}.Debug|iPhone.ActiveCfg = Debug|Any CPU
		{BED48403-1B4F-484F-B0F4-E4226BEF4C0E}.Debug|iPhone.Build.0 = Debug|Any CPU
		{BED48403-1B4F-484F-B0F4-E4226BEF4C0E}.Debug|iPhoneSimulator.ActiveCfg = Debug|Any CPU
		{BED48403-1B4F-484F-B0F4-E4226BEF4C0E}.Debug|iPhoneSimulator.Build.0 = Debug|Any CPU
		{BED48403-1B4F-484F-B0F4-E4226BEF4C0E}.Debug|x64.ActiveCfg = Debug|Any CPU
		{BED48403-1B4F-484F-B0F4-E4226BEF4C0E}.Debug|x64.Build.0 = Debug|Any CPU
		{BED48403-1B4F-484F-B0F4-E4226BEF4C0E}.Debug|x86.ActiveCfg = Debug|Any CPU
		{BED48403-1B4F-484F-B0F4-E4226BEF4C0E}.Debug|x86.Build.0 = Debug|Any CPU
		{BED48403-1B4F-484F-B0F4-E4226BEF4C0E}.Release|Any CPU.ActiveCfg = Release|Any CPU
		{BED48403-1B4F-484F-B0F4-E4226BEF4C0E}.Release|Any CPU.Build.0 = Release|Any CPU
		{BED48403-1B4F-484F-B0F4-E4226BEF4C0E}.Release|ARM.ActiveCfg = Release|Any CPU
		{BED48403-1B4F-484F-B0F4-E4226BEF4C0E}.Release|ARM.Build.0 = Release|Any CPU
		{BED48403-1B4F-484F-B0F4-E4226BEF4C0E}.Release|iPhone.ActiveCfg = Release|Any CPU
		{BED48403-1B4F-484F-B0F4-E4226BEF4C0E}.Release|iPhone.Build.0 = Release|Any CPU
		{BED48403-1B4F-484F-B0F4-E4226BEF4C0E}.Release|iPhoneSimulator.ActiveCfg = Release|Any CPU
		{BED48403-1B4F-484F-B0F4-E4226BEF4C0E}.Release|iPhoneSimulator.Build.0 = Release|Any CPU
		{BED48403-1B4F-484F-B0F4-E4226BEF4C0E}.Release|x64.ActiveCfg = Release|Any CPU
		{BED48403-1B4F-484F-B0F4-E4226BEF4C0E}.Release|x64.Build.0 = Release|Any CPU
		{BED48403-1B4F-484F-B0F4-E4226BEF4C0E}.Release|x86.ActiveCfg = Release|Any CPU
		{BED48403-1B4F-484F-B0F4-E4226BEF4C0E}.Release|x86.Build.0 = Release|Any CPU
	EndGlobalSection
	GlobalSection(SolutionProperties) = preSolution
		HideSolutionNode = FALSE
	EndGlobalSection
	GlobalSection(ExtensibilityGlobals) = postSolution
		SolutionGuid = {26EA7A8A-8681-420C-A6D8-F7FD147222F6}
	EndGlobalSection
EndGlobal
